
Microsoft Visual Studio Solution File, Format Version 12.00
# Visual Studio Version 17
VisualStudioVersion = 17.5.33424.131
MinimumVisualStudioVersion = 10.0.40219.1
Project("{FAE04EC0-301F-11D3-BF4B-00C04F79EFBC}") = "XamarinSqLiteApp.Android", "XamarinSqLiteApp\XamarinSqLiteApp.Android\XamarinSqLiteApp.Android.csproj", "{776C5F32-789F-4018-AEA0-57104058018B}"
EndProject
Project("{FAE04EC0-301F-11D3-BF4B-00C04F79EFBC}") = "XamarinSqLiteApp", "XamarinSqLiteApp\XamarinSqLiteApp\XamarinSqLiteApp.csproj", "{037033FA-A1E9-48F1-9FC6-10970B4A8D5C}"
EndProject
Global
	GlobalSection(SolutionConfigurationPlatforms) = preSolution
		Debug|Any CPU = Debug|Any CPU
		Release|Any CPU = Release|Any CPU
	EndGlobalSection
	GlobalSection(ProjectConfigurationPlatforms) = postSolution
		{776C5F32-789F-4018-AEA0-57104058018B}.Debug|Any CPU.ActiveCfg = Debug|Any CPU
		{776C5F32-789F-4018-AEA0-57104058018B}.Debug|Any CPU.Build.0 = Debug|Any CPU
		{776C5F32-789F-4018-AEA0-57104058018B}.Debug|Any CPU.Deploy.0 = Debug|Any CPU
		{776C5F32-789F-4018-AEA0-57104058018B}.Release|Any CPU.ActiveCfg = Release|Any CPU
		{776C5F32-789F-4018-AEA0-57104058018B}.Release|Any CPU.Build.0 = Release|Any CPU
		{776C5F32-789F-4018-AEA0-57104058018B}.Release|Any CPU.Deploy.0 = Release|Any CPU
		{037033FA-A1E9-48F1-9FC6-10970B4A8D5C}.Debug|Any CPU.ActiveCfg = Debug|Any CPU
		{037033FA-A1E9-48F1-9FC6-10970B4A8D5C}.Debug|Any CPU.Build.0 = Debug|Any CPU
		{037033FA-A1E9-48F1-9FC6-10970B4A8D5C}.Debug|Any CPU.Deploy.0 = Debug|Any CPU
		{037033FA-A1E9-48F1-9FC6-10970B4A8D5C}.Release|Any CPU.ActiveCfg = Release|Any CPU
		{037033FA-A1E9-48F1-9FC6-10970B4A8D5C}.Release|Any CPU.Build.0 = Release|Any CPU
		{037033FA-A1E9-48F1-9FC6-10970B4A8D5C}.Release|Any CPU.Deploy.0 = Release|Any CPU
	EndGlobalSection
	GlobalSection(SolutionProperties) = preSolution
		HideSolutionNode = FALSE
	EndGlobalSection
	GlobalSection(ExtensibilityGlobals) = postSolution
		SolutionGuid = {0B9A5C4F-63E7-4122-A635-20FEE3B60DA0}
	EndGlobalSection
EndGlobal
